
Microsoft Visual Studio Solution File, Format Version 12.00
# Visual Studio Version 17
VisualStudioVersion = 17.3.32929.385
MinimumVisualStudioVersion = 10.0.40219.1
Project("{FAE04EC0-301F-11D3-BF4B-00C04F79EFBC}") = "Lesson1", "Lesson1\Lesson1.csproj", "{CE100540-0B32-4B72-A22D-0D12862B5FA7}"
EndProject
Global
	GlobalSection(SolutionConfigurationPlatforms) = preSolution
		Debug|Any CPU = Debug|Any CPU
		Release|Any CPU = Release|Any CPU
	EndGlobalSection
	GlobalSection(ProjectConfigurationPlatforms) = postSolution
		{CE100540-0B32-4B72-A22D-0D12862B5FA7}.Debug|Any CPU.ActiveCfg = Debug|Any CPU
		{CE100540-0B32-4B72-A22D-0D12862B5FA7}.Debug|Any CPU.Build.0 = Debug|Any CPU
		{CE100540-0B32-4B72-A22D-0D12862B5FA7}.Release|Any CPU.ActiveCfg = Release|Any CPU
		{CE100540-0B32-4B72-A22D-0D12862B5FA7}.Release|Any CPU.Build.0 = Release|Any CPU
	EndGlobalSection
	GlobalSection(SolutionProperties) = preSolution
		HideSolutionNode = FALSE
	EndGlobalSection
	GlobalSection(ExtensibilityGlobals) = postSolution
		SolutionGuid = {823AC587-2BD9-447F-8B34-52A38BF5B3A4}
	EndGlobalSection
EndGlobal
